Microsoft Visual Studio Solution File, Format Version 12.00
# Visual Studio 15
VisualStudioVersion = 15.0.27130.2036
MinimumVisualStudioVersion = 15.0.26430.12
Project("{2150E333-8FDC-42A3-9474-1A3956D46DE8}") = "Solution Items", "Solution Items", "{85DA24EC-DD95-48EA-852C-37E3EED8B77F}"
	ProjectSection(SolutionItems) = preProject
		Directory.Build.props = Directory.Build.props
	EndProjectSection
EndProject
Project("{9A19103F-16F7-4668-BE54-9A1E7A4F7556}") = "SqlServer.Native", "SqlServer.Native\SqlServer.Native.csproj", "{BEE310A5-3D99-450C-9172-06BCEFDB743D}"
EndProject
Project("{9A19103F-16F7-4668-BE54-9A1E7A4F7556}") = "SqlServer.Native.Tests", "SqlServer.Native.Tests\SqlServer.Native.Tests.csproj", "{E0A26E76-1434-4D5B-9397-83E16999EAC6}"
EndProject
Project("{9A19103F-16F7-4668-BE54-9A1E7A4F7556}") = "SqlServer.HttpPassthrough", "SqlServer.HttpPassthrough\SqlServer.HttpPassthrough.csproj", "{C55E2A08-8C18-4D0E-922E-0CFFEC533310}"
EndProject
Project("{9A19103F-16F7-4668-BE54-9A1E7A4F7556}") = "SqlServer.HttpPassthrough.SampleEndpoint", "SqlServer.HttpPassthrough.SampleEndpoint\SqlServer.HttpPassthrough.SampleEndpoint.csproj", "{0875950E-5FC3-4573-A692-2E24DEE15F53}"
EndProject
Project("{9A19103F-16F7-4668-BE54-9A1E7A4F7556}") = "SqlServer.HttpPassthrough.Tests", "SqlServer.HttpPassthrough.Tests\SqlServer.HttpPassthrough.Tests.csproj", "{3FCAC7D4-1F20-47C4-95BF-01EBCA475946}"
EndProject
Project("{9A19103F-16F7-4668-BE54-9A1E7A4F7556}") = "SqlServer.HttpPassthrough.SampleWeb", "SqlServer.HttpPassthrough.SampleWeb\SqlServer.HttpPassthrough.SampleWeb.csproj", "{22560E28-F3E1-4E86-96B0-80175EC4B6EF}"
EndProject
Global
	GlobalSection(SolutionConfigurationPlatforms) = preSolution
		Debug|Any CPU = Debug|Any CPU
		Release|Any CPU = Release|Any CPU
	EndGlobalSection
	GlobalSection(ProjectConfigurationPlatforms) = postSolution
		{BEE310A5-3D99-450C-9172-06BCEFDB743D}.Debug|Any CPU.ActiveCfg = Debug|Any CPU
		{BEE310A5-3D99-450C-9172-06BCEFDB743D}.Debug|Any CPU.Build.0 = Debug|Any CPU
		{BEE310A5-3D99-450C-9172-06BCEFDB743D}.Release|Any CPU.ActiveCfg = Release|Any CPU
		{BEE310A5-3D99-450C-9172-06BCEFDB743D}.Release|Any CPU.Build.0 = Release|Any CPU
		{E0A26E76-1434-4D5B-9397-83E16999EAC6}.Debug|Any CPU.ActiveCfg = Debug|Any CPU
		{E0A26E76-1434-4D5B-9397-83E16999EAC6}.Debug|Any CPU.Build.0 = Debug|Any CPU
		{E0A26E76-1434-4D5B-9397-83E16999EAC6}.Release|Any CPU.ActiveCfg = Release|Any CPU
		{E0A26E76-1434-4D5B-9397-83E16999EAC6}.Release|Any CPU.Build.0 = Release|Any CPU
		{C55E2A08-8C18-4D0E-922E-0CFFEC533310}.Debug|Any CPU.ActiveCfg = Debug|Any CPU
		{C55E2A08-8C18-4D0E-922E-0CFFEC533310}.Debug|Any CPU.Build.0 = Debug|Any CPU
		{C55E2A08-8C18-4D0E-922E-0CFFEC533310}.Release|Any CPU.ActiveCfg = Release|Any CPU
		{C55E2A08-8C18-4D0E-922E-0CFFEC533310}.Release|Any CPU.Build.0 = Release|Any CPU
		{0875950E-5FC3-4573-A692-2E24DEE15F53}.Debug|Any CPU.ActiveCfg = Debug|Any CPU
		{0875950E-5FC3-4573-A692-2E24DEE15F53}.Debug|Any CPU.Build.0 = Debug|Any CPU
		{0875950E-5FC3-4573-A692-2E24DEE15F53}.Release|Any CPU.ActiveCfg = Release|Any CPU
		{0875950E-5FC3-4573-A692-2E24DEE15F53}.Release|Any CPU.Build.0 = Release|Any CPU
		{3FCAC7D4-1F20-47C4-95BF-01EBCA475946}.Debug|Any CPU.ActiveCfg = Debug|Any CPU
		{3FCAC7D4-1F20-47C4-95BF-01EBCA475946}.Debug|Any CPU.Build.0 = Debug|Any CPU
		{3FCAC7D4-1F20-47C4-95BF-01EBCA475946}.Release|Any CPU.ActiveCfg = Release|Any CPU
		{3FCAC7D4-1F20-47C4-95BF-01EBCA475946}.Release|Any CPU.Build.0 = Release|Any CPU
		{22560E28-F3E1-4E86-96B0-80175EC4B6EF}.Debug|Any CPU.ActiveCfg = Debug|Any CPU
		{22560E28-F3E1-4E86-96B0-80175EC4B6EF}.Debug|Any CPU.Build.0 = Debug|Any CPU
		{22560E28-F3E1-4E86-96B0-80175EC4B6EF}.Release|Any CPU.ActiveCfg = Release|Any CPU
		{22560E28-F3E1-4E86-96B0-80175EC4B6EF}.Release|Any CPU.Build.0 = Release|Any CPU
	EndGlobalSection
	GlobalSection(SolutionProperties) = preSolution
		HideSolutionNode = FALSE
	EndGlobalSection
	GlobalSection(ExtensibilityGlobals) = postSolution
		SolutionGuid = {2810F44A-7EA7-41FC-90E6-B95D30A66EFA}
	EndGlobalSection
EndGlobal
