Microsoft Visual Studio Solution File, Format Version 12.00
# Visual Studio Version 16
VisualStudioVersion = 16.0.29201.188
MinimumVisualStudioVersion = 16.0.29201.188
Project("{2150E333-8FDC-42A3-9474-1A3956D46DE8}") = "Solution Items", "Solution Items", "{85DA24EC-DD95-48EA-852C-37E3EED8B77F}"
	ProjectSection(SolutionItems) = preProject
		.editorconfig = .editorconfig
		appveyor.yml = appveyor.yml
		Directory.Build.props = Directory.Build.props
		Directory.Packages.props = Directory.Packages.props
	EndProjectSection
EndProject
Project("{9A19103F-16F7-4668-BE54-9A1E7A4F7556}") = "SqlServer.Native", "SqlServer.Native\SqlServer.Native.csproj", "{BEE310A5-3D99-450C-9172-06BCEFDB743D}"
EndProject
Project("{9A19103F-16F7-4668-BE54-9A1E7A4F7556}") = "SqlServer.Native.Tests", "SqlServer.Native.Tests\SqlServer.Native.Tests.csproj", "{E0A26E76-1434-4D5B-9397-83E16999EAC6}"
EndProject
Project("{9A19103F-16F7-4668-BE54-9A1E7A4F7556}") = "SqlServer.HttpPassthrough", "SqlServer.HttpPassthrough\SqlServer.HttpPassthrough.csproj", "{C55E2A08-8C18-4D0E-922E-0CFFEC533310}"
EndProject
Project("{9A19103F-16F7-4668-BE54-9A1E7A4F7556}") = "SqlServer.HttpPassthrough.SampleEndpoint", "SqlServer.HttpPassthrough.SampleEndpoint\SqlServer.HttpPassthrough.SampleEndpoint.csproj", "{0875950E-5FC3-4573-A692-2E24DEE15F53}"
EndProject
Project("{9A19103F-16F7-4668-BE54-9A1E7A4F7556}") = "SqlServer.HttpPassthrough.SampleWeb", "SqlServer.HttpPassthrough.SampleWeb\SqlServer.HttpPassthrough.SampleWeb.csproj", "{22560E28-F3E1-4E86-96B0-80175EC4B6EF}"
EndProject
Project("{9A19103F-16F7-4668-BE54-9A1E7A4F7556}") = "SqlServer.Deduplication", "SqlServer.Deduplication\SqlServer.Deduplication.csproj", "{5EB1F36C-FAED-4BC6-87CC-A598613B6103}"
EndProject
Project("{9A19103F-16F7-4668-BE54-9A1E7A4F7556}") = "SqlServer.Deduplication.SampleEndpoint", "SqlServer.Deduplication.SampleEndpoint\SqlServer.Deduplication.SampleEndpoint.csproj", "{961F19B8-D79B-43CC-8070-F1F998AE8FB2}"
EndProject
Project("{9A19103F-16F7-4668-BE54-9A1E7A4F7556}") = "Shared", "Shared\Shared.csproj", "{F189955B-444C-40FC-B782-29B35230D28F}"
EndProject
Project("{9A19103F-16F7-4668-BE54-9A1E7A4F7556}") = "SqlServer.Native.SubscriptionSampleEndpoint", "SqlServer.Native.SubscriptionSampleEndpoint\SqlServer.Native.SubscriptionSampleEndpoint.csproj", "{EA531665-7C16-4D2C-984F-082E27649FF1}"
EndProject
Global
	GlobalSection(SolutionConfigurationPlatforms) = preSolution
		Debug|Any CPU = Debug|Any CPU
		Release|Any CPU = Release|Any CPU
	EndGlobalSection
	GlobalSection(ProjectConfigurationPlatforms) = postSolution
		{BEE310A5-3D99-450C-9172-06BCEFDB743D}.Debug|Any CPU.ActiveCfg = Debug|Any CPU
		{BEE310A5-3D99-450C-9172-06BCEFDB743D}.Debug|Any CPU.Build.0 = Debug|Any CPU
		{BEE310A5-3D99-450C-9172-06BCEFDB743D}.Release|Any CPU.ActiveCfg = Release|Any CPU
		{BEE310A5-3D99-450C-9172-06BCEFDB743D}.Release|Any CPU.Build.0 = Release|Any CPU
		{E0A26E76-1434-4D5B-9397-83E16999EAC6}.Debug|Any CPU.ActiveCfg = Debug|Any CPU
		{E0A26E76-1434-4D5B-9397-83E16999EAC6}.Debug|Any CPU.Build.0 = Debug|Any CPU
		{E0A26E76-1434-4D5B-9397-83E16999EAC6}.Release|Any CPU.ActiveCfg = Release|Any CPU
		{E0A26E76-1434-4D5B-9397-83E16999EAC6}.Release|Any CPU.Build.0 = Release|Any CPU
		{C55E2A08-8C18-4D0E-922E-0CFFEC533310}.Debug|Any CPU.ActiveCfg = Debug|Any CPU
		{C55E2A08-8C18-4D0E-922E-0CFFEC533310}.Debug|Any CPU.Build.0 = Debug|Any CPU
		{C55E2A08-8C18-4D0E-922E-0CFFEC533310}.Release|Any CPU.ActiveCfg = Release|Any CPU
		{C55E2A08-8C18-4D0E-922E-0CFFEC533310}.Release|Any CPU.Build.0 = Release|Any CPU
		{0875950E-5FC3-4573-A692-2E24DEE15F53}.Debug|Any CPU.ActiveCfg = Debug|Any CPU
		{0875950E-5FC3-4573-A692-2E24DEE15F53}.Debug|Any CPU.Build.0 = Debug|Any CPU
		{0875950E-5FC3-4573-A692-2E24DEE15F53}.Release|Any CPU.ActiveCfg = Release|Any CPU
		{0875950E-5FC3-4573-A692-2E24DEE15F53}.Release|Any CPU.Build.0 = Release|Any CPU
		{22560E28-F3E1-4E86-96B0-80175EC4B6EF}.Debug|Any CPU.ActiveCfg = Debug|Any CPU
		{22560E28-F3E1-4E86-96B0-80175EC4B6EF}.Debug|Any CPU.Build.0 = Debug|Any CPU
		{22560E28-F3E1-4E86-96B0-80175EC4B6EF}.Release|Any CPU.ActiveCfg = Release|Any CPU
		{22560E28-F3E1-4E86-96B0-80175EC4B6EF}.Release|Any CPU.Build.0 = Release|Any CPU
		{5EB1F36C-FAED-4BC6-87CC-A598613B6103}.Debug|Any CPU.ActiveCfg = Debug|Any CPU
		{5EB1F36C-FAED-4BC6-87CC-A598613B6103}.Debug|Any CPU.Build.0 = Debug|Any CPU
		{5EB1F36C-FAED-4BC6-87CC-A598613B6103}.Release|Any CPU.ActiveCfg = Release|Any CPU
		{5EB1F36C-FAED-4BC6-87CC-A598613B6103}.Release|Any CPU.Build.0 = Release|Any CPU
		{961F19B8-D79B-43CC-8070-F1F998AE8FB2}.Debug|Any CPU.ActiveCfg = Debug|Any CPU
		{961F19B8-D79B-43CC-8070-F1F998AE8FB2}.Debug|Any CPU.Build.0 = Debug|Any CPU
		{961F19B8-D79B-43CC-8070-F1F998AE8FB2}.Release|Any CPU.ActiveCfg = Release|Any CPU
		{961F19B8-D79B-43CC-8070-F1F998AE8FB2}.Release|Any CPU.Build.0 = Release|Any CPU
		{F189955B-444C-40FC-B782-29B35230D28F}.Debug|Any CPU.ActiveCfg = Debug|Any CPU
		{F189955B-444C-40FC-B782-29B35230D28F}.Debug|Any CPU.Build.0 = Debug|Any CPU
		{F189955B-444C-40FC-B782-29B35230D28F}.Release|Any CPU.ActiveCfg = Release|Any CPU
		{F189955B-444C-40FC-B782-29B35230D28F}.Release|Any CPU.Build.0 = Release|Any CPU
		{EA531665-7C16-4D2C-984F-082E27649FF1}.Debug|Any CPU.ActiveCfg = Debug|Any CPU
		{EA531665-7C16-4D2C-984F-082E27649FF1}.Debug|Any CPU.Build.0 = Debug|Any CPU
		{EA531665-7C16-4D2C-984F-082E27649FF1}.Release|Any CPU.ActiveCfg = Release|Any CPU
		{EA531665-7C16-4D2C-984F-082E27649FF1}.Release|Any CPU.Build.0 = Release|Any CPU
	EndGlobalSection
	GlobalSection(SolutionProperties) = preSolution
		HideSolutionNode = FALSE
	EndGlobalSection
	GlobalSection(ExtensibilityGlobals) = postSolution
		SolutionGuid = {2810F44A-7EA7-41FC-90E6-B95D30A66EFA}
	EndGlobalSection
EndGlobal
